// !$*UTF8*$!
{
	archiveVersion = 1;
	classes = {
	};
	objectVersion = 50;
	objects = {

/* Begin PBXBuildFile section */
		D3CA4551241359990028C0BA /* AppDelegate.swift in Sources */ = {isa = PBXBuildFile; fileRef = D3CA4550241359990028C0BA /* AppDelegate.swift */; };
		D3CA4553241359990028C0BA /* SceneDelegate.swift in Sources */ = {isa = PBXBuildFile; fileRef = D3CA4552241359990028C0BA /* SceneDelegate.swift */; };
		D3CA4555241359990028C0BA /* ViewController.swift in Sources */ = {isa = PBXBuildFile; fileRef = D3CA4554241359990028C0BA /* ViewController.swift */; };
		D3CA4558241359990028C0BA /* Main.storyboard in Resources */ = {isa = PBXBuildFile; fileRef = D3CA4556241359990028C0BA /* Main.storyboard */; };
		D3CA455A2413599D0028C0BA /* Assets.xcassets in Resources */ = {isa = PBXBuildFile; fileRef = D3CA45592413599D0028C0BA /* Assets.xcassets */; };
		D3CA455D2413599D0028C0BA /* LaunchScreen.storyboard in Resources */ = {isa = PBXBuildFile; fileRef = D3CA455B2413599D0028C0BA /* LaunchScreen.storyboard */; };
		D3CA45682413599D0028C0BA /* FoodTrackerTests.swift in Sources */ = {isa = PBXBuildFile; fileRef = D3CA45672413599D0028C0BA /* FoodTrackerTests.swift */; };
		D3CA45732414A99D0028C0BA /* RatingControl.swift in Sources */ = {isa = PBXBuildFile; fileRef = D3CA45722414A99D0028C0BA /* RatingControl.swift */; };
		D3CA45752414DEE40028C0BA /* Meal.swift in Sources */ = {isa = PBXBuildFile; fileRef = D3CA45742414DEE40028C0BA /* Meal.swift */; };
		D3CA45772414F5A40028C0BA /* MealTableViewCell.swift in Sources */ = {isa = PBXBuildFile; fileRef = D3CA45762414F5A40028C0BA /* MealTableViewCell.swift */; };
		D3CA45792414FC620028C0BA /* MealTableViewController.swift in Sources */ = {isa = PBXBuildFile; fileRef = D3CA45782414FC620028C0BA /* MealTableViewController.swift */; };
/* End PBXBuildFile section */

/* Begin PBXContainerItemProxy section */
		D3CA45642413599D0028C0BA /* PBXContainerItemProxy */ = {
			isa = PBXContainerItemProxy;
			containerPortal = D3CA4545241359990028C0BA /* Project object */;
			proxyType = 1;
			remoteGlobalIDString = D3CA454C241359990028C0BA;
			remoteInfo = FoodTracker;
		};
/* End PBXContainerItemProxy section */

/* Begin PBXFileReference section */
		D3CA454D241359990028C0BA /* FoodTracker.app */ = {isa = PBXFileReference; explicitFileType = wrapper.application; includeInIndex = 0; path = FoodTracker.app; sourceTree = BUILT_PRODUCTS_DIR; };
		D3CA4550241359990028C0BA /* AppDelegate.swift */ = {isa = PBXFileReference; lastKnownFileType = sourcecode.swift; path = AppDelegate.swift; sourceTree = "<group>"; };
		D3CA4552241359990028C0BA /* SceneDelegate.swift */ = {isa = PBXFileReference; lastKnownFileType = sourcecode.swift; path = SceneDelegate.swift; sourceTree = "<group>"; };
		D3CA4554241359990028C0BA /* ViewController.swift */ = {isa = PBXFileReference; lastKnownFileType = sourcecode.swift; path = ViewController.swift; sourceTree = "<group>"; };
		D3CA4557241359990028C0BA /* Base */ = {isa = PBXFileReference; lastKnownFileType = file.storyboard; name = Base; path = Base.lproj/Main.storyboard; sourceTree = "<group>"; };
		D3CA45592413599D0028C0BA /* Assets.xcassets */ = {isa = PBXFileReference; lastKnownFileType = folder.assetcatalog; path = Assets.xcassets; sourceTree = "<group>"; };
		D3CA455C2413599D0028C0BA /* Base */ = {isa = PBXFileReference; lastKnownFileType = file.storyboard; name = Base; path = Base.lproj/LaunchScreen.storyboard; sourceTree = "<group>"; };
		D3CA455E2413599D0028C0BA /* Info.plist */ = {isa = PBXFileReference; lastKnownFileType = text.plist.xml; path = Info.plist; sourceTree = "<group>"; };
		D3CA45632413599D0028C0BA /* FoodTrackerTests.xctest */ = {isa = PBXFileReference; explicitFileType = wrapper.cfbundle; includeInIndex = 0; path = FoodTrackerTests.xctest; sourceTree = BUILT_PRODUCTS_DIR; };
		D3CA45672413599D0028C0BA /* FoodTrackerTests.swift */ = {isa = PBXFileReference; lastKnownFileType = sourcecode.swift; path = FoodTrackerTests.swift; sourceTree = "<group>"; };
		D3CA45692413599D0028C0BA /* Info.plist */ = {isa = PBXFileReference; lastKnownFileType = text.plist.xml; path = Info.plist; sourceTree = "<group>"; };
		D3CA45722414A99D0028C0BA /* RatingControl.swift */ = {isa = PBXFileReference; lastKnownFileType = sourcecode.swift; path = RatingControl.swift; sourceTree = "<group>"; };
		D3CA45742414DEE40028C0BA /* Meal.swift */ = {isa = PBXFileReference; lastKnownFileType = sourcecode.swift; path = Meal.swift; sourceTree = "<group>"; };
		D3CA45762414F5A40028C0BA /* MealTableViewCell.swift */ = {isa = PBXFileReference; lastKnownFileType = sourcecode.swift; path = MealTableViewCell.swift; sourceTree = "<group>"; };
		D3CA45782414FC620028C0BA /* MealTableViewController.swift */ = {isa = PBXFileReference; lastKnownFileType = sourcecode.swift; path = MealTableViewController.swift; sourceTree = "<group>"; };
/* End PBXFileReference section */

/* Begin PBXFrameworksBuildPhase section */
		D3CA454A241359990028C0BA /* Frameworks */ = {
			isa = PBXFrameworksBuildPhase;
			buildActionMask = 2147483647;
			files = (
			);
			runOnlyForDeploymentPostprocessing = 0;
		};
		D3CA45602413599D0028C0BA /* Frameworks */ = {
			isa = PBXFrameworksBuildPhase;
			buildActionMask = 2147483647;
			files = (
			);
			runOnlyForDeploymentPostprocessing = 0;
		};
/* End PBXFrameworksBuildPhase section */

/* Begin PBXGroup section */
		D3CA4544241359990028C0BA = {
			isa = PBXGroup;
			children = (
				D3CA454F241359990028C0BA /* FoodTracker */,
				D3CA45662413599D0028C0BA /* FoodTrackerTests */,
				D3CA454E241359990028C0BA /* Products */,
			);
			sourceTree = "<group>";
		};
		D3CA454E241359990028C0BA /* Products */ = {
			isa = PBXGroup;
			children = (
				D3CA454D241359990028C0BA /* FoodTracker.app */,
				D3CA45632413599D0028C0BA /* FoodTrackerTests.xctest */,
			);
			name = Products;
			sourceTree = "<group>";
		};
		D3CA454F241359990028C0BA /* FoodTracker */ = {
			isa = PBXGroup;
			children = (
				D3CA4550241359990028C0BA /* AppDelegate.swift */,
				D3CA4552241359990028C0BA /* SceneDelegate.swift */,
				D3CA4554241359990028C0BA /* ViewController.swift */,
				D3CA45722414A99D0028C0BA /* RatingControl.swift */,
				D3CA4556241359990028C0BA /* Main.storyboard */,
				D3CA45782414FC620028C0BA /* MealTableViewController.swift */,
				D3CA45762414F5A40028C0BA /* MealTableViewCell.swift */,
				D3CA45592413599D0028C0BA /* Assets.xcassets */,
				D3CA45742414DEE40028C0BA /* Meal.swift */,
				D3CA455B2413599D0028C0BA /* LaunchScreen.storyboard */,
				D3CA455E2413599D0028C0BA /* Info.plist */,
			);
			path = FoodTracker;
			sourceTree = "<group>";
		};
		D3CA45662413599D0028C0BA /* FoodTrackerTests */ = {
			isa = PBXGroup;
			children = (
				D3CA45672413599D0028C0BA /* FoodTrackerTests.swift */,
				D3CA45692413599D0028C0BA /* Info.plist */,
			);
			path = FoodTrackerTests;
			sourceTree = "<group>";
		};
/* End PBXGroup section */

/* Begin PBXNativeTarget section */
		D3CA454C241359990028C0BA /* FoodTracker */ = {
			isa = PBXNativeTarget;
			buildConfigurationList = D3CA456C2413599D0028C0BA /* Build configuration list for PBXNativeTarget "FoodTracker" */;
			buildPhases = (
				D3CA4549241359990028C0BA /* Sources */,
				D3CA454A241359990028C0BA /* Frameworks */,
				D3CA454B241359990028C0BA /* Resources */,
			);
			buildRules = (
			);
			dependencies = (
			);
			name = FoodTracker;
			productName = FoodTracker;
			productReference = D3CA454D241359990028C0BA /* FoodTracker.app */;
			productType = "com.apple.product-type.application";
		};
		D3CA45622413599D0028C0BA /* FoodTrackerTests */ = {
			isa = PBXNativeTarget;
			buildConfigurationList = D3CA456F2413599D0028C0BA /* Build configuration list for PBXNativeTarget "FoodTrackerTests" */;
			buildPhases = (
				D3CA455F2413599D0028C0BA /* Sources */,
				D3CA45602413599D0028C0BA /* Frameworks */,
				D3CA45612413599D0028C0BA /* Resources */,
			);
			buildRules = (
			);
			dependencies = (
				D3CA45652413599D0028C0BA /* PBXTargetDependency */,
			);
			name = FoodTrackerTests;
			productName = FoodTrackerTests;
			productReference = D3CA45632413599D0028C0BA /* FoodTrackerTests.xctest */;
			productType = "com.apple.product-type.bundle.unit-test";
		};
/* End PBXNativeTarget section */

/* Begin PBXProject section */
		D3CA4545241359990028C0BA /* Project object */ = {
			isa = PBXProject;
			attributes = {
				LastSwiftUpdateCheck = 1130;
				LastUpgradeCheck = 1130;
				ORGANIZATIONNAME = teksoft1;
				TargetAttributes = {
					D3CA454C241359990028C0BA = {
						CreatedOnToolsVersion = 11.3.1;
					};
					D3CA45622413599D0028C0BA = {
						CreatedOnToolsVersion = 11.3.1;
						TestTargetID = D3CA454C241359990028C0BA;
					};
				};
			};
			buildConfigurationList = D3CA4548241359990028C0BA /* Build configuration list for PBXProject "FoodTracker" */;
			compatibilityVersion = "Xcode 9.3";
			developmentRegion = en;
			hasScannedForEncodings = 0;
			knownRegions = (
				en,
				Base,
			);
			mainGroup = D3CA4544241359990028C0BA;
			productRefGroup = D3CA454E241359990028C0BA /* Products */;
			projectDirPath = "";
			projectRoot = "";
			targets = (
				D3CA454C241359990028C0BA /* FoodTracker */,
				D3CA45622413599D0028C0BA /* FoodTrackerTests */,
			);
		};
/* End PBXProject section */

/* Begin PBXResourcesBuildPhase section */
		D3CA454B241359990028C0BA /* Resources */ = {
			isa = PBXResourcesBuildPhase;
			buildActionMask = 2147483647;
			files = (
				D3CA455D2413599D0028C0BA /* LaunchScreen.storyboard in Resources */,
				D3CA455A2413599D0028C0BA /* Assets.xcassets in Resources */,
				D3CA4558241359990028C0BA /* Main.storyboard in Resources */,
			);
			runOnlyForDeploymentPostprocessing = 0;
		};
		D3CA45612413599D0028C0BA /* Resources */ = {
			isa = PBXResourcesBuildPhase;
			buildActionMask = 2147483647;
			files = (
			);
			runOnlyForDeploymentPostprocessing = 0;
		};
/* End PBXResourcesBuildPhase section */

/* Begin PBXSourcesBuildPhase section */
		D3CA4549241359990028C0BA /* Sources */ = {
			isa = PBXSourcesBuildPhase;
			buildActionMask = 2147483647;
			files = (
				D3CA45752414DEE40028C0BA /* Meal.swift in Sources */,
				D3CA45732414A99D0028C0BA /* RatingControl.swift in Sources */,
				D3CA45792414FC620028C0BA /* MealTableViewController.swift in Sources */,
				D3CA45772414F5A40028C0BA /* MealTableViewCell.swift in Sources */,
				D3CA4555241359990028C0BA /* ViewController.swift in Sources */,
				D3CA4551241359990028C0BA /* AppDelegate.swift in Sources */,
				D3CA4553241359990028C0BA /* SceneDelegate.swift in Sources */,
			);
			runOnlyForDeploymentPostprocessing = 0;
		};
		D3CA455F2413599D0028C0BA /* Sources */ = {
			isa = PBXSourcesBuildPhase;
			buildActionMask = 2147483647;
			files = (
				D3CA45682413599D0028C0BA /* FoodTrackerTests.swift in Sources */,
			);
			runOnlyForDeploymentPostprocessing = 0;
		};
/* End PBXSourcesBuildPhase section */

/* Begin PBXTargetDependency section */
		D3CA45652413599D0028C0BA /* PBXTargetDependency */ = {
			isa = PBXTargetDependency;
			target = D3CA454C241359990028C0BA /* FoodTracker */;
			targetProxy = D3CA45642413599D0028C0BA /* PBXContainerItemProxy */;
		};
/* End PBXTargetDependency section */

/* Begin PBXVariantGroup section */
		D3CA4556241359990028C0BA /* Main.storyboard */ = {
			isa = PBXVariantGroup;
			children = (
				D3CA4557241359990028C0BA /* Base */,
			);
			name = Main.storyboard;
			sourceTree = "<group>";
		};
		D3CA455B2413599D0028C0BA /* LaunchScreen.storyboard */ = {
			isa = PBXVariantGroup;
			children = (
				D3CA455C2413599D0028C0BA /* Base */,
			);
			name = LaunchScreen.storyboard;
			sourceTree = "<group>";
		};
/* End PBXVariantGroup section */

/* Begin XCBuildConfiguration section */
		D3CA456A2413599D0028C0BA /* Debug */ = {
			isa = XCBuildConfiguration;
			buildSettings = {
				ALWAYS_SEARCH_USER_PATHS = NO;
				CLANG_ANALYZER_NONNULL = YES;
				CLANG_ANALYZER_NUMBER_OBJECT_CONVERSION = YES_AGGRESSIVE;
				CLANG_CXX_LANGUAGE_STANDARD = "gnu++14";
				CLANG_CXX_LIBRARY = "libc++";
				CLANG_ENABLE_MODULES = YES;
				CLANG_ENABLE_OBJC_ARC = YES;
				CLANG_ENABLE_OBJC_WEAK = YES;
				CLANG_WARN_BLOCK_CAPTURE_AUTORELEASING = YES;
				CLANG_WARN_BOOL_CONVERSION = YES;
				CLANG_WARN_COMMA = YES;
				CLANG_WARN_CONSTANT_CONVERSION = YES;
				CLANG_WARN_DEPRECATED_OBJC_IMPLEMENTATIONS = YES;
				CLANG_WARN_DIRECT_OBJC_ISA_USAGE = YES_ERROR;
				CLANG_WARN_DOCUMENTATION_COMMENTS = YES;
				CLANG_WARN_EMPTY_BODY = YES;
				CLANG_WARN_ENUM_CONVERSION = YES;
				CLANG_WARN_INFINITE_RECURSION = YES;
				CLANG_WARN_INT_CONVERSION = YES;
				CLANG_WARN_NON_LITERAL_NULL_CONVERSION = YES;
				CLANG_WARN_OBJC_IMPLICIT_RETAIN_SELF = YES;
				CLANG_WARN_OBJC_LITERAL_CONVERSION = YES;
				CLANG_WARN_OBJC_ROOT_CLASS = YES_ERROR;
				CLANG_WARN_RANGE_LOOP_ANALYSIS = YES;
				CLANG_WARN_STRICT_PROTOTYPES = YES;
				CLANG_WARN_SUSPICIOUS_MOVE = YES;
				CLANG_WARN_UNGUARDED_AVAILABILITY = YES_AGGRESSIVE;
				CLANG_WARN_UNREACHABLE_CODE = YES;
				CLANG_WARN__DUPLICATE_METHOD_MATCH = YES;
				COPY_PHASE_STRIP = NO;
				DEBUG_INFORMATION_FORMAT = dwarf;
				ENABLE_STRICT_OBJC_MSGSEND = YES;
				ENABLE_TESTABILITY = YES;
				GCC_C_LANGUAGE_STANDARD = gnu11;
				GCC_DYNAMIC_NO_PIC = NO;
				GCC_NO_COMMON_BLOCKS = YES;
				GCC_OPTIMIZATION_LEVEL = 0;
				GCC_PREPROCESSOR_DEFINITIONS = (
					"DEBUG=1",
					"$(inherited)",
				);
				GCC_WARN_64_TO_32_BIT_CONVERSION = YES;
				GCC_WARN_ABOUT_RETURN_TYPE = YES_ERROR;
				GCC_WARN_UNDECLARED_SELECTOR = YES;
				GCC_WARN_UNINITIALIZED_AUTOS = YES_AGGRESSIVE;
				GCC_WARN_UNUSED_FUNCTION = YES;
				GCC_WARN_UNUSED_VARIABLE = YES;
				IPHONEOS_DEPLOYMENT_TARGET = 13.2;
				MTL_ENABLE_DEBUG_INFO = INCLUDE_SOURCE;
				MTL_FAST_MATH = YES;
				ONLY_ACTIVE_ARCH = YES;
				SDKROOT = iphoneos;
				SWIFT_ACTIVE_COMPILATION_CONDITIONS = DEBUG;
				SWIFT_OPTIMIZATION_LEVEL = "-Onone";
			};
			name = Debug;
		};
		D3CA456B2413599D0028C0BA /* Release */ = {
			isa = XCBuildConfiguration;
			buildSettings = {
				ALWAYS_SEARCH_USER_PATHS = NO;
				CLANG_ANALYZER_NONNULL = YES;
				CLANG_ANALYZER_NUMBER_OBJECT_CONVERSION = YES_AGGRESSIVE;
				CLANG_CXX_LANGUAGE_STANDARD = "gnu++14";
				CLANG_CXX_LIBRARY = "libc++";
				CLANG_ENABLE_MODULES = YES;
				CLANG_ENABLE_OBJC_ARC = YES;
				CLANG_ENABLE_OBJC_WEAK = YES;
				CLANG_WARN_BLOCK_CAPTURE_AUTORELEASING = YES;
				CLANG_WARN_BOOL_CONVERSION = YES;
				CLANG_WARN_COMMA = YES;
				CLANG_WARN_CONSTANT_CONVERSION = YES;
				CLANG_WARN_DEPRECATED_OBJC_IMPLEMENTATIONS = YES;
				CLANG_WARN_DIRECT_OBJC_ISA_USAGE = YES_ERROR;
				CLANG_WARN_DOCUMENTATION_COMMENTS = YES;
				CLANG_WARN_EMPTY_BODY = YES;
				CLANG_WARN_ENUM_CONVERSION = YES;
				CLANG_WARN_INFINITE_RECURSION = YES;
				CLANG_WARN_INT_CONVERSION = YES;
				CLANG_WARN_NON_LITERAL_NULL_CONVERSION = YES;
				CLANG_WARN_OBJC_IMPLICIT_RETAIN_SELF = YES;
				CLANG_WARN_OBJC_LITERAL_CONVERSION = YES;
				CLANG_WARN_OBJC_ROOT_CLASS = YES_ERROR;
				CLANG_WARN_RANGE_LOOP_ANALYSIS = YES;
				CLANG_WARN_STRICT_PROTOTYPES = YES;
				CLANG_WARN_SUSPICIOUS_MOVE = YES;
				CLANG_WARN_UNGUARDED_AVAILABILITY = YES_AGGRESSIVE;
				CLANG_WARN_UNREACHABLE_CODE = YES;
				CLANG_WARN__DUPLICATE_METHOD_MATCH = YES;
				COPY_PHASE_STRIP = NO;
				DEBUG_INFORMATION_FORMAT = "dwarf-with-dsym";
				ENABLE_NS_ASSERTIONS = NO;
				ENABLE_STRICT_OBJC_MSGSEND = YES;
				GCC_C_LANGUAGE_STANDARD = gnu11;
				GCC_NO_COMMON_BLOCKS = YES;
				GCC_WARN_64_TO_32_BIT_CONVERSION = YES;
				GCC_WARN_ABOUT_RETURN_TYPE = YES_ERROR;
				GCC_WARN_UNDECLARED_SELECTOR = YES;
				GCC_WARN_UNINITIALIZED_AUTOS = YES_AGGRESSIVE;
				GCC_WARN_UNUSED_FUNCTION = YES;
				GCC_WARN_UNUSED_VARIABLE = YES;
				IPHONEOS_DEPLOYMENT_TARGET = 13.2;
				MTL_ENABLE_DEBUG_INFO = NO;
				MTL_FAST_MATH = YES;
				SDKROOT = iphoneos;
				SWIFT_COMPILATION_MODE = wholemodule;
				SWIFT_OPTIMIZATION_LEVEL = "-O";
				VALIDATE_PRODUCT = YES;
			};
			name = Release;
		};
		D3CA456D2413599D0028C0BA /* Debug */ = {
			isa = XCBuildConfiguration;
			buildSettings = {
				ASSETCATALOG_COMPILER_APPICON_NAME = AppIcon;
				CODE_SIGN_STYLE = Automatic;
				INFOPLIST_FILE = FoodTracker/Info.plist;
				LD_RUNPATH_SEARCH_PATHS = (
					"$(inherited)",
					"@executable_path/Frameworks",
				);
				PRODUCT_BUNDLE_IDENTIFIER = teksoft1.com.FoodTracker;
				PRODUCT_NAME = "$(TARGET_NAME)";
				SWIFT_VERSION = 5.0;
				TARGETED_DEVICE_FAMILY = "1,2";
			};
			name = Debug;
		};
		D3CA456E2413599D0028C0BA /* Release */ = {
			isa = XCBuildConfiguration;
			buildSettings = {
				ASSETCATALOG_COMPILER_APPICON_NAME = AppIcon;
				CODE_SIGN_STYLE = Automatic;
				INFOPLIST_FILE = FoodTracker/Info.plist;
				LD_RUNPATH_SEARCH_PATHS = (
					"$(inherited)",
					"@executable_path/Frameworks",
				);
				PRODUCT_BUNDLE_IDENTIFIER = teksoft1.com.FoodTracker;
				PRODUCT_NAME = "$(TARGET_NAME)";
				SWIFT_VERSION = 5.0;
				TARGETED_DEVICE_FAMILY = "1,2";
			};
			name = Release;
		};
		D3CA45702413599D0028C0BA /* Debug */ = {
			isa = XCBuildConfiguration;
			buildSettings = {
				ALWAYS_EMBED_SWIFT_STANDARD_LIBRARIES = YES;
				BUNDLE_LOADER = "$(TEST_HOST)";
				CODE_SIGN_STYLE = Automatic;
				INFOPLIST_FILE = FoodTrackerTests/Info.plist;
				IPHONEOS_DEPLOYMENT_TARGET = 13.2;
				LD_RUNPATH_SEARCH_PATHS = (
					"$(inherited)",
					"@executable_path/Frameworks",
					"@loader_path/Frameworks",
				);
				PRODUCT_BUNDLE_IDENTIFIER = teksoft1.com.FoodTrackerTests;
				PRODUCT_NAME = "$(TARGET_NAME)";
				SWIFT_VERSION = 5.0;
				TARGETED_DEVICE_FAMILY = "1,2";
				TEST_HOST = "$(BUILT_PRODUCTS_DIR)/FoodTracker.app/FoodTracker";
			};
			name = Debug;
		};
		D3CA45712413599D0028C0BA /* Release */ = {
			isa = XCBuildConfiguration;
			buildSettings = {
				ALWAYS_EMBED_SWIFT_STANDARD_LIBRARIES = YES;
				BUNDLE_LOADER = "$(TEST_HOST)";
				CODE_SIGN_STYLE = Automatic;
				INFOPLIST_FILE = FoodTrackerTests/Info.plist;
				IPHONEOS_DEPLOYMENT_TARGET = 13.2;
				LD_RUNPATH_SEARCH_PATHS = (
					"$(inherited)",
					"@executable_path/Frameworks",
					"@loader_path/Frameworks",
				);
				PRODUCT_BUNDLE_IDENTIFIER = teksoft1.com.FoodTrackerTests;
				PRODUCT_NAME = "$(TARGET_NAME)";
				SWIFT_VERSION = 5.0;
				TARGETED_DEVICE_FAMILY = "1,2";
				TEST_HOST = "$(BUILT_PRODUCTS_DIR)/FoodTracker.app/FoodTracker";
			};
			name = Release;
		};
/* End XCBuildConfiguration section */

/* Begin XCConfigurationList section */
		D3CA4548241359990028C0BA /* Build configuration list for PBXProject "FoodTracker" */ = {
			isa = XCConfigurationList;
			buildConfigurations = (
				D3CA456A2413599D0028C0BA /* Debug */,
				D3CA456B2413599D0028C0BA /* Release */,
			);
			defaultConfigurationIsVisible = 0;
			defaultConfigurationName = Release;
		};
		D3CA456C2413599D0028C0BA /* Build configuration list for PBXNativeTarget "FoodTracker" */ = {
			isa = XCConfigurationList;
			buildConfigurations = (
				D3CA456D2413599D0028C0BA /* Debug */,
				D3CA456E2413599D0028C0BA /* Release */,
			);
			defaultConfigurationIsVisible = 0;
			defaultConfigurationName = Release;
		};
		D3CA456F2413599D0028C0BA /* Build configuration list for PBXNativeTarget "FoodTrackerTests" */ = {
			isa = XCConfigurationList;
			buildConfigurations = (
				D3CA45702413599D0028C0BA /* Debug */,
				D3CA45712413599D0028C0BA /* Release */,
			);
			defaultConfigurationIsVisible = 0;
			defaultConfigurationName = Release;
		};
/* End XCConfigurationList section */
	};
	rootObject = D3CA4545241359990028C0BA /* Project object */;
}
